
Microsoft Visual Studio Solution File, Format Version 12.00
# Visual Studio Version 16
VisualStudioVersion = 16.0.29009.5
MinimumVisualStudioVersion = 10.0.40219.1
Project("{FAE04EC0-301F-11D3-BF4B-00C04F79EFBC}") = "1000_zadach_po_programmirovaniyu_SWITCH_CASE", "1000_zadach_po_programmirovaniyu_SWITCH_CASE\1000_zadach_po_programmirovaniyu_SWITCH_CASE.csproj", "{5AF6C672-50DB-4B43-8FA6-2695D95FA77F}"
EndProject
Project("{FAE04EC0-301F-11D3-BF4B-00C04F79EFBC}") = "001_SWITCH_CASE", "001_SWITCH_CASE\001_SWITCH_CASE.csproj", "{7B427554-7ECB-4EC2-B0BA-BC0275EB0F44}"
EndProject
Project("{FAE04EC0-301F-11D3-BF4B-00C04F79EFBC}") = "002_SWITCH_CASE", "002_SWITCH_CASE\002_SWITCH_CASE.csproj", "{5665C038-EF09-4B2C-9586-378696E2008F}"
EndProject
Project("{FAE04EC0-301F-11D3-BF4B-00C04F79EFBC}") = "003_SWITCH_CASE", "003_SWITCH_CASE\003_SWITCH_CASE.csproj", "{F36B02BF-2521-4E85-BB5C-6CBED5AA2919}"
EndProject
Project("{FAE04EC0-301F-11D3-BF4B-00C04F79EFBC}") = "004_SWITCH_CASE", "004_SWITCH_CASE\004_SWITCH_CASE.csproj", "{F62188EF-4958-4583-8223-DD0D66FF3CE3}"
EndProject
Project("{FAE04EC0-301F-11D3-BF4B-00C04F79EFBC}") = "005_SWITCH_CASE", "005_SWITCH_CASE\005_SWITCH_CASE.csproj", "{CB967A7E-6454-450B-83C2-156586D1C625}"
EndProject
Project("{FAE04EC0-301F-11D3-BF4B-00C04F79EFBC}") = "006_SWITCH_CASE", "006_SWITCH_CASE\006_SWITCH_CASE.csproj", "{A2C37750-FC56-4FC8-967A-6A63DB14DBC7}"
EndProject
Project("{FAE04EC0-301F-11D3-BF4B-00C04F79EFBC}") = "007_SWITCH_CASE", "007_SWITCH_CASE\007_SWITCH_CASE.csproj", "{D89ED2B7-215E-4F05-96B4-DB532E8CB3CA}"
EndProject
Project("{FAE04EC0-301F-11D3-BF4B-00C04F79EFBC}") = "008_SWITCH_CASE", "008_SWITCH_CASE\008_SWITCH_CASE.csproj", "{564954E1-492B-4B6F-80D6-E413CF977CE9}"
EndProject
Project("{FAE04EC0-301F-11D3-BF4B-00C04F79EFBC}") = "009_SWITCH_CASE", "009_SWITCH_CASE\009_SWITCH_CASE.csproj", "{4819D000-FD53-41B9-B015-BA97720F68FD}"
EndProject
Project("{FAE04EC0-301F-11D3-BF4B-00C04F79EFBC}") = "010_SWITCH_CASE", "010_SWITCH_CASE\010_SWITCH_CASE.csproj", "{6B15A5C1-E5AA-48D9-BE93-873E66804B3B}"
EndProject
Project("{FAE04EC0-301F-11D3-BF4B-00C04F79EFBC}") = "011_SWITCH_CASE", "011_SWITCH_CASE\011_SWITCH_CASE.csproj", "{7FB136F1-8BA8-49BA-80D3-59E30982960A}"
EndProject
Global
	GlobalSection(SolutionConfigurationPlatforms) = preSolution
		Debug|Any CPU = Debug|Any CPU
		Release|Any CPU = Release|Any CPU
	EndGlobalSection
	GlobalSection(ProjectConfigurationPlatforms) = postSolution
		{5AF6C672-50DB-4B43-8FA6-2695D95FA77F}.Debug|Any CPU.ActiveCfg = Debug|Any CPU
		{5AF6C672-50DB-4B43-8FA6-2695D95FA77F}.Debug|Any CPU.Build.0 = Debug|Any CPU
		{5AF6C672-50DB-4B43-8FA6-2695D95FA77F}.Release|Any CPU.ActiveCfg = Release|Any CPU
		{5AF6C672-50DB-4B43-8FA6-2695D95FA77F}.Release|Any CPU.Build.0 = Release|Any CPU
		{7B427554-7ECB-4EC2-B0BA-BC0275EB0F44}.Debug|Any CPU.ActiveCfg = Debug|Any CPU
		{7B427554-7ECB-4EC2-B0BA-BC0275EB0F44}.Debug|Any CPU.Build.0 = Debug|Any CPU
		{7B427554-7ECB-4EC2-B0BA-BC0275EB0F44}.Release|Any CPU.ActiveCfg = Release|Any CPU
		{7B427554-7ECB-4EC2-B0BA-BC0275EB0F44}.Release|Any CPU.Build.0 = Release|Any CPU
		{5665C038-EF09-4B2C-9586-378696E2008F}.Debug|Any CPU.ActiveCfg = Debug|Any CPU
		{5665C038-EF09-4B2C-9586-378696E2008F}.Debug|Any CPU.Build.0 = Debug|Any CPU
		{5665C038-EF09-4B2C-9586-378696E2008F}.Release|Any CPU.ActiveCfg = Release|Any CPU
		{5665C038-EF09-4B2C-9586-378696E2008F}.Release|Any CPU.Build.0 = Release|Any CPU
		{F36B02BF-2521-4E85-BB5C-6CBED5AA2919}.Debug|Any CPU.ActiveCfg = Debug|Any CPU
		{F36B02BF-2521-4E85-BB5C-6CBED5AA2919}.Debug|Any CPU.Build.0 = Debug|Any CPU
		{F36B02BF-2521-4E85-BB5C-6CBED5AA2919}.Release|Any CPU.ActiveCfg = Release|Any CPU
		{F36B02BF-2521-4E85-BB5C-6CBED5AA2919}.Release|Any CPU.Build.0 = Release|Any CPU
		{F62188EF-4958-4583-8223-DD0D66FF3CE3}.Debug|Any CPU.ActiveCfg = Debug|Any CPU
		{F62188EF-4958-4583-8223-DD0D66FF3CE3}.Debug|Any CPU.Build.0 = Debug|Any CPU
		{F62188EF-4958-4583-8223-DD0D66FF3CE3}.Release|Any CPU.ActiveCfg = Release|Any CPU
		{F62188EF-4958-4583-8223-DD0D66FF3CE3}.Release|Any CPU.Build.0 = Release|Any CPU
		{CB967A7E-6454-450B-83C2-156586D1C625}.Debug|Any CPU.ActiveCfg = Debug|Any CPU
		{CB967A7E-6454-450B-83C2-156586D1C625}.Debug|Any CPU.Build.0 = Debug|Any CPU
		{CB967A7E-6454-450B-83C2-156586D1C625}.Release|Any CPU.ActiveCfg = Release|Any CPU
		{CB967A7E-6454-450B-83C2-156586D1C625}.Release|Any CPU.Build.0 = Release|Any CPU
		{A2C37750-FC56-4FC8-967A-6A63DB14DBC7}.Debug|Any CPU.ActiveCfg = Debug|Any CPU
		{A2C37750-FC56-4FC8-967A-6A63DB14DBC7}.Debug|Any CPU.Build.0 = Debug|Any CPU
		{A2C37750-FC56-4FC8-967A-6A63DB14DBC7}.Release|Any CPU.ActiveCfg = Release|Any CPU
		{A2C37750-FC56-4FC8-967A-6A63DB14DBC7}.Release|Any CPU.Build.0 = Release|Any CPU
		{D89ED2B7-215E-4F05-96B4-DB532E8CB3CA}.Debug|Any CPU.ActiveCfg = Debug|Any CPU
		{D89ED2B7-215E-4F05-96B4-DB532E8CB3CA}.Debug|Any CPU.Build.0 = Debug|Any CPU
		{D89ED2B7-215E-4F05-96B4-DB532E8CB3CA}.Release|Any CPU.ActiveCfg = Release|Any CPU
		{D89ED2B7-215E-4F05-96B4-DB532E8CB3CA}.Release|Any CPU.Build.0 = Release|Any CPU
		{564954E1-492B-4B6F-80D6-E413CF977CE9}.Debug|Any CPU.ActiveCfg = Debug|Any CPU
		{564954E1-492B-4B6F-80D6-E413CF977CE9}.Debug|Any CPU.Build.0 = Debug|Any CPU
		{564954E1-492B-4B6F-80D6-E413CF977CE9}.Release|Any CPU.ActiveCfg = Release|Any CPU
		{564954E1-492B-4B6F-80D6-E413CF977CE9}.Release|Any CPU.Build.0 = Release|Any CPU
		{4819D000-FD53-41B9-B015-BA97720F68FD}.Debug|Any CPU.ActiveCfg = Debug|Any CPU
		{4819D000-FD53-41B9-B015-BA97720F68FD}.Debug|Any CPU.Build.0 = Debug|Any CPU
		{4819D000-FD53-41B9-B015-BA97720F68FD}.Release|Any CPU.ActiveCfg = Release|Any CPU
		{4819D000-FD53-41B9-B015-BA97720F68FD}.Release|Any CPU.Build.0 = Release|Any CPU
		{6B15A5C1-E5AA-48D9-BE93-873E66804B3B}.Debug|Any CPU.ActiveCfg = Debug|Any CPU
		{6B15A5C1-E5AA-48D9-BE93-873E66804B3B}.Debug|Any CPU.Build.0 = Debug|Any CPU
		{6B15A5C1-E5AA-48D9-BE93-873E66804B3B}.Release|Any CPU.ActiveCfg = Release|Any CPU
		{6B15A5C1-E5AA-48D9-BE93-873E66804B3B}.Release|Any CPU.Build.0 = Release|Any CPU
		{7FB136F1-8BA8-49BA-80D3-59E30982960A}.Debug|Any CPU.ActiveCfg = Debug|Any CPU
		{7FB136F1-8BA8-49BA-80D3-59E30982960A}.Debug|Any CPU.Build.0 = Debug|Any CPU
		{7FB136F1-8BA8-49BA-80D3-59E30982960A}.Release|Any CPU.ActiveCfg = Release|Any CPU
		{7FB136F1-8BA8-49BA-80D3-59E30982960A}.Release|Any CPU.Build.0 = Release|Any CPU
	EndGlobalSection
	GlobalSection(SolutionProperties) = preSolution
		HideSolutionNode = FALSE
	EndGlobalSection
	GlobalSection(ExtensibilityGlobals) = postSolution
		SolutionGuid = {6AD6FD82-EA65-4723-AF8D-B9CF488546FD}
	EndGlobalSection
EndGlobal
