
Microsoft Visual Studio Solution File, Format Version 12.00
# Visual Studio 15
VisualStudioVersion = 15.0.28307.572
MinimumVisualStudioVersion = 10.0.40219.1
Project("{FAE04EC0-301F-11D3-BF4B-00C04F79EFBC}") = "1000_zadach_po_programmirovaniyu_SWITCH_CASE", "1000_zadach_po_programmirovaniyu_SWITCH_CASE\1000_zadach_po_programmirovaniyu_SWITCH_CASE.csproj", "{5AF6C672-50DB-4B43-8FA6-2695D95FA77F}"
EndProject
Project("{FAE04EC0-301F-11D3-BF4B-00C04F79EFBC}") = "001_SWITCH_CASE", "001_SWITCH_CASE\001_SWITCH_CASE.csproj", "{7B427554-7ECB-4EC2-B0BA-BC0275EB0F44}"
EndProject
Project("{FAE04EC0-301F-11D3-BF4B-00C04F79EFBC}") = "002_SWITCH_CASE", "002_SWITCH_CASE\002_SWITCH_CASE.csproj", "{5665C038-EF09-4B2C-9586-378696E2008F}"
EndProject
Project("{FAE04EC0-301F-11D3-BF4B-00C04F79EFBC}") = "003_SWITCH_CASE", "003_SWITCH_CASE\003_SWITCH_CASE.csproj", "{F36B02BF-2521-4E85-BB5C-6CBED5AA2919}"
EndProject
Global
	GlobalSection(SolutionConfigurationPlatforms) = preSolution
		Debug|Any CPU = Debug|Any CPU
		Release|Any CPU = Release|Any CPU
	EndGlobalSection
	GlobalSection(ProjectConfigurationPlatforms) = postSolution
		{5AF6C672-50DB-4B43-8FA6-2695D95FA77F}.Debug|Any CPU.ActiveCfg = Debug|Any CPU
		{5AF6C672-50DB-4B43-8FA6-2695D95FA77F}.Debug|Any CPU.Build.0 = Debug|Any CPU
		{5AF6C672-50DB-4B43-8FA6-2695D95FA77F}.Release|Any CPU.ActiveCfg = Release|Any CPU
		{5AF6C672-50DB-4B43-8FA6-2695D95FA77F}.Release|Any CPU.Build.0 = Release|Any CPU
		{7B427554-7ECB-4EC2-B0BA-BC0275EB0F44}.Debug|Any CPU.ActiveCfg = Debug|Any CPU
		{7B427554-7ECB-4EC2-B0BA-BC0275EB0F44}.Debug|Any CPU.Build.0 = Debug|Any CPU
		{7B427554-7ECB-4EC2-B0BA-BC0275EB0F44}.Release|Any CPU.ActiveCfg = Release|Any CPU
		{7B427554-7ECB-4EC2-B0BA-BC0275EB0F44}.Release|Any CPU.Build.0 = Release|Any CPU
		{5665C038-EF09-4B2C-9586-378696E2008F}.Debug|Any CPU.ActiveCfg = Debug|Any CPU
		{5665C038-EF09-4B2C-9586-378696E2008F}.Debug|Any CPU.Build.0 = Debug|Any CPU
		{5665C038-EF09-4B2C-9586-378696E2008F}.Release|Any CPU.ActiveCfg = Release|Any CPU
		{5665C038-EF09-4B2C-9586-378696E2008F}.Release|Any CPU.Build.0 = Release|Any CPU
		{F36B02BF-2521-4E85-BB5C-6CBED5AA2919}.Debug|Any CPU.ActiveCfg = Debug|Any CPU
		{F36B02BF-2521-4E85-BB5C-6CBED5AA2919}.Debug|Any CPU.Build.0 = Debug|Any CPU
		{F36B02BF-2521-4E85-BB5C-6CBED5AA2919}.Release|Any CPU.ActiveCfg = Release|Any CPU
		{F36B02BF-2521-4E85-BB5C-6CBED5AA2919}.Release|Any CPU.Build.0 = Release|Any CPU
	EndGlobalSection
	GlobalSection(SolutionProperties) = preSolution
		HideSolutionNode = FALSE
	EndGlobalSection
	GlobalSection(ExtensibilityGlobals) = postSolution
		SolutionGuid = {6AD6FD82-EA65-4723-AF8D-B9CF488546FD}
	EndGlobalSection
EndGlobal
